
Microsoft Visual Studio Solution File, Format Version 12.00
# Visual Studio Version 17
VisualStudioVersion = 17.6.33723.286
MinimumVisualStudioVersion = 10.0.40219.1
Project("{FAE04EC0-301F-11D3-BF4B-00C04F79EFBC}") = "HelloWebApp", "HelloWebApp\HelloWebApp.csproj", "{364F0542-B9AE-4608-8870-C1516514CDBC}"
EndProject
Project("{FAE04EC0-301F-11D3-BF4B-00C04F79EFBC}") = "WebAppWithSqlDb", "WebAppWithSqlDb\WebAppWithSqlDb.csproj", "{6ED5FD91-3A33-4BAA-A754-C16BC6695805}"
EndProject
Global
	GlobalSection(SolutionConfigurationPlatforms) = preSolution
		Debug|Any CPU = Debug|Any CPU
		Release|Any CPU = Release|Any CPU
	EndGlobalSection
	GlobalSection(ProjectConfigurationPlatforms) = postSolution
		{364F0542-B9AE-4608-8870-C1516514CDBC}.Debug|Any CPU.ActiveCfg = Debug|Any CPU
		{364F0542-B9AE-4608-8870-C1516514CDBC}.Debug|Any CPU.Build.0 = Debug|Any CPU
		{364F0542-B9AE-4608-8870-C1516514CDBC}.Release|Any CPU.ActiveCfg = Release|Any CPU
		{364F0542-B9AE-4608-8870-C1516514CDBC}.Release|Any CPU.Build.0 = Release|Any CPU
		{6ED5FD91-3A33-4BAA-A754-C16BC6695805}.Debug|Any CPU.ActiveCfg = Debug|Any CPU
		{6ED5FD91-3A33-4BAA-A754-C16BC6695805}.Debug|Any CPU.Build.0 = Debug|Any CPU
		{6ED5FD91-3A33-4BAA-A754-C16BC6695805}.Release|Any CPU.ActiveCfg = Release|Any CPU
		{6ED5FD91-3A33-4BAA-A754-C16BC6695805}.Release|Any CPU.Build.0 = Release|Any CPU
	EndGlobalSection
	GlobalSection(SolutionProperties) = preSolution
		HideSolutionNode = FALSE
	EndGlobalSection
	GlobalSection(ExtensibilityGlobals) = postSolution
		SolutionGuid = {DA74BC67-00E8-43CB-B925-31F20BCC1734}
	EndGlobalSection
EndGlobal
